
Microsoft Visual Studio Solution File, Format Version 12.00
# Visual Studio Version 17
VisualStudioVersion = 17.8.34330.188
MinimumVisualStudioVersion = 10.0.40219.1
Project("{FAE04EC0-301F-11D3-BF4B-00C04F79EFBC}") = "tasket", "tasket.csproj", "{78025F91-A46F-472C-8D8C-C792E40F0DF7}"
EndProject
Global
	GlobalSection(SolutionConfigurationPlatforms) = preSolution
		Debug|Any CPU = Debug|Any CPU
		Release|Any CPU = Release|Any CPU
	EndGlobalSection
	GlobalSection(ProjectConfigurationPlatforms) = postSolution
		{78025F91-A46F-472C-8D8C-C792E40F0DF7}.Debug|Any CPU.ActiveCfg = Debug|Any CPU
		{78025F91-A46F-472C-8D8C-C792E40F0DF7}.Debug|Any CPU.Build.0 = Debug|Any CPU
		{78025F91-A46F-472C-8D8C-C792E40F0DF7}.Release|Any CPU.ActiveCfg = Release|Any CPU
		{78025F91-A46F-472C-8D8C-C792E40F0DF7}.Release|Any CPU.Build.0 = Release|Any CPU
	EndGlobalSection
	GlobalSection(SolutionProperties) = preSolution
		HideSolutionNode = FALSE
	EndGlobalSection
	GlobalSection(ExtensibilityGlobals) = postSolution
		SolutionGuid = {A542464D-491D-48DB-B4E6-96D268C582A7}
	EndGlobalSection
EndGlobal
